
Microsoft Visual Studio Solution File, Format Version 12.00
# Visual Studio Version 16
VisualStudioVersion = 16.0.810.14
MinimumVisualStudioVersion = 10.0.40219.1
Project("{FAE04EC0-301F-11D3-BF4B-00C04F79EFBC}") = "YemekUygulaması", "YemekUygulaması\YemekUygulaması.csproj", "{22BCBFD3-7D19-425C-84CE-561B40469E43}"
EndProject
Global
	GlobalSection(SolutionConfigurationPlatforms) = preSolution
		Debug|Any CPU = Debug|Any CPU
		Release|Any CPU = Release|Any CPU
	EndGlobalSection
	GlobalSection(ProjectConfigurationPlatforms) = postSolution
		{22BCBFD3-7D19-425C-84CE-561B40469E43}.Debug|Any CPU.ActiveCfg = Debug|Any CPU
		{22BCBFD3-7D19-425C-84CE-561B40469E43}.Debug|Any CPU.Build.0 = Debug|Any CPU
		{22BCBFD3-7D19-425C-84CE-561B40469E43}.Release|Any CPU.ActiveCfg = Release|Any CPU
		{22BCBFD3-7D19-425C-84CE-561B40469E43}.Release|Any CPU.Build.0 = Release|Any CPU
	EndGlobalSection
	GlobalSection(SolutionProperties) = preSolution
		HideSolutionNode = FALSE
	EndGlobalSection
	GlobalSection(ExtensibilityGlobals) = postSolution
		SolutionGuid = {A5BBD1FC-3994-4183-A3F2-B2103A0FFA98}
	EndGlobalSection
EndGlobal
